
Microsoft Visual Studio Solution File, Format Version 12.00
# Visual Studio Version 16
VisualStudioVersion = 16.0.32126.315
MinimumVisualStudioVersion = 10.0.40219.1
Project("{2150E333-8FDC-42A3-9474-1A3956D46DE8}") = "EAuction.API", "EAuction.API", "{E0DB4364-F8C6-4521-BD3B-5F668F18DA10}"
EndProject
Project("{9A19103F-16F7-4668-BE54-9A1E7A4F7556}") = "BidListingAPI", "EAuction.API\BidListingAPI\BidListingAPI.csproj", "{7E0DC907-7D90-4702-A2D2-2FC0FB483A3F}"
EndProject
Project("{9A19103F-16F7-4668-BE54-9A1E7A4F7556}") = "BuyerAPI", "EAuction.API\BuyerAPI\BuyerAPI.csproj", "{A94199CD-0E66-4811-AF05-79DF0D077DB3}"
EndProject
Project("{9A19103F-16F7-4668-BE54-9A1E7A4F7556}") = "SellerAPI", "EAuction.API\SellerAPI\SellerAPI.csproj", "{7BE6E5DC-842A-4259-9977-68681DA0ECD6}"
EndProject
Project("{2150E333-8FDC-42A3-9474-1A3956D46DE8}") = "EAuction.Core", "EAuction.Core", "{68D6F507-551B-43D9-845E-00E764A7F7D1}"
EndProject
Project("{2150E333-8FDC-42A3-9474-1A3956D46DE8}") = "EAuction.Infrastructure", "EAuction.Infrastructure", "{A2E48034-B4F5-49C9-8DFF-1DAC3C3916D9}"
EndProject
Project("{9A19103F-16F7-4668-BE54-9A1E7A4F7556}") = "EAuction.Messaging", "EAuction.Infrastructure\EAuction.Messaging\EAuction.Messaging.csproj", "{2A13A3AB-220F-4104-84D5-6AC3ACD7CE5A}"
EndProject
Project("{9A19103F-16F7-4668-BE54-9A1E7A4F7556}") = "EAuction.Infrastructure.Common", "EAuction.Infrastructure\EAuction.Common\EAuction.Infrastructure.Common.csproj", "{4F79B32C-AD07-4A05-B0F9-2604B9D06E5E}"
EndProject
Project("{9A19103F-16F7-4668-BE54-9A1E7A4F7556}") = "EAuction.Persistence", "EAuction.Infrastructure\EAuction.Persistence\EAuction.Persistence.csproj", "{B0554357-4E3C-4C9B-83DF-160268F837BC}"
EndProject
Project("{9A19103F-16F7-4668-BE54-9A1E7A4F7556}") = "BidListing.Core", "EAuction.Core\BidListing.Core\BidListing.Core.csproj", "{6C7B61A8-C3BD-4D4E-A8AA-881125C30481}"
EndProject
Project("{9A19103F-16F7-4668-BE54-9A1E7A4F7556}") = "Buyer.Core", "EAuction.Core\Buyer.Core\Buyer.Core.csproj", "{61409F6F-D31B-43F6-8046-EC322A904AA9}"
EndProject
Project("{9A19103F-16F7-4668-BE54-9A1E7A4F7556}") = "EAuction.Core.Common", "EAuction.Core\EAuction.Core.Common\EAuction.Core.Common.csproj", "{9272C175-A75B-4C07-BE33-FC520FEB0082}"
EndProject
Project("{9A19103F-16F7-4668-BE54-9A1E7A4F7556}") = "Seller.Core", "EAuction.Core\Seller.Core\Seller.Core.csproj", "{976C42ED-99F8-4CAD-8BE2-29FCFBB3B0F0}"
EndProject
Global
	GlobalSection(SolutionConfigurationPlatforms) = preSolution
		Debug|Any CPU = Debug|Any CPU
		Release|Any CPU = Release|Any CPU
	EndGlobalSection
	GlobalSection(ProjectConfigurationPlatforms) = postSolution
		{7E0DC907-7D90-4702-A2D2-2FC0FB483A3F}.Debug|Any CPU.ActiveCfg = Debug|Any CPU
		{7E0DC907-7D90-4702-A2D2-2FC0FB483A3F}.Debug|Any CPU.Build.0 = Debug|Any CPU
		{7E0DC907-7D90-4702-A2D2-2FC0FB483A3F}.Release|Any CPU.ActiveCfg = Release|Any CPU
		{7E0DC907-7D90-4702-A2D2-2FC0FB483A3F}.Release|Any CPU.Build.0 = Release|Any CPU
		{A94199CD-0E66-4811-AF05-79DF0D077DB3}.Debug|Any CPU.ActiveCfg = Debug|Any CPU
		{A94199CD-0E66-4811-AF05-79DF0D077DB3}.Debug|Any CPU.Build.0 = Debug|Any CPU
		{A94199CD-0E66-4811-AF05-79DF0D077DB3}.Release|Any CPU.ActiveCfg = Release|Any CPU
		{A94199CD-0E66-4811-AF05-79DF0D077DB3}.Release|Any CPU.Build.0 = Release|Any CPU
		{7BE6E5DC-842A-4259-9977-68681DA0ECD6}.Debug|Any CPU.ActiveCfg = Debug|Any CPU
		{7BE6E5DC-842A-4259-9977-68681DA0ECD6}.Debug|Any CPU.Build.0 = Debug|Any CPU
		{7BE6E5DC-842A-4259-9977-68681DA0ECD6}.Release|Any CPU.ActiveCfg = Release|Any CPU
		{7BE6E5DC-842A-4259-9977-68681DA0ECD6}.Release|Any CPU.Build.0 = Release|Any CPU
		{2A13A3AB-220F-4104-84D5-6AC3ACD7CE5A}.Debug|Any CPU.ActiveCfg = Debug|Any CPU
		{2A13A3AB-220F-4104-84D5-6AC3ACD7CE5A}.Debug|Any CPU.Build.0 = Debug|Any CPU
		{2A13A3AB-220F-4104-84D5-6AC3ACD7CE5A}.Release|Any CPU.ActiveCfg = Release|Any CPU
		{2A13A3AB-220F-4104-84D5-6AC3ACD7CE5A}.Release|Any CPU.Build.0 = Release|Any CPU
		{4F79B32C-AD07-4A05-B0F9-2604B9D06E5E}.Debug|Any CPU.ActiveCfg = Debug|Any CPU
		{4F79B32C-AD07-4A05-B0F9-2604B9D06E5E}.Debug|Any CPU.Build.0 = Debug|Any CPU
		{4F79B32C-AD07-4A05-B0F9-2604B9D06E5E}.Release|Any CPU.ActiveCfg = Release|Any CPU
		{4F79B32C-AD07-4A05-B0F9-2604B9D06E5E}.Release|Any CPU.Build.0 = Release|Any CPU
		{B0554357-4E3C-4C9B-83DF-160268F837BC}.Debug|Any CPU.ActiveCfg = Debug|Any CPU
		{B0554357-4E3C-4C9B-83DF-160268F837BC}.Debug|Any CPU.Build.0 = Debug|Any CPU
		{B0554357-4E3C-4C9B-83DF-160268F837BC}.Release|Any CPU.ActiveCfg = Release|Any CPU
		{B0554357-4E3C-4C9B-83DF-160268F837BC}.Release|Any CPU.Build.0 = Release|Any CPU
		{6C7B61A8-C3BD-4D4E-A8AA-881125C30481}.Debug|Any CPU.ActiveCfg = Debug|Any CPU
		{6C7B61A8-C3BD-4D4E-A8AA-881125C30481}.Debug|Any CPU.Build.0 = Debug|Any CPU
		{6C7B61A8-C3BD-4D4E-A8AA-881125C30481}.Release|Any CPU.ActiveCfg = Release|Any CPU
		{6C7B61A8-C3BD-4D4E-A8AA-881125C30481}.Release|Any CPU.Build.0 = Release|Any CPU
		{61409F6F-D31B-43F6-8046-EC322A904AA9}.Debug|Any CPU.ActiveCfg = Debug|Any CPU
		{61409F6F-D31B-43F6-8046-EC322A904AA9}.Debug|Any CPU.Build.0 = Debug|Any CPU
		{61409F6F-D31B-43F6-8046-EC322A904AA9}.Release|Any CPU.ActiveCfg = Release|Any CPU
		{61409F6F-D31B-43F6-8046-EC322A904AA9}.Release|Any CPU.Build.0 = Release|Any CPU
		{9272C175-A75B-4C07-BE33-FC520FEB0082}.Debug|Any CPU.ActiveCfg = Debug|Any CPU
		{9272C175-A75B-4C07-BE33-FC520FEB0082}.Debug|Any CPU.Build.0 = Debug|Any CPU
		{9272C175-A75B-4C07-BE33-FC520FEB0082}.Release|Any CPU.ActiveCfg = Release|Any CPU
		{9272C175-A75B-4C07-BE33-FC520FEB0082}.Release|Any CPU.Build.0 = Release|Any CPU
		{976C42ED-99F8-4CAD-8BE2-29FCFBB3B0F0}.Debug|Any CPU.ActiveCfg = Debug|Any CPU
		{976C42ED-99F8-4CAD-8BE2-29FCFBB3B0F0}.Debug|Any CPU.Build.0 = Debug|Any CPU
		{976C42ED-99F8-4CAD-8BE2-29FCFBB3B0F0}.Release|Any CPU.ActiveCfg = Release|Any CPU
		{976C42ED-99F8-4CAD-8BE2-29FCFBB3B0F0}.Release|Any CPU.Build.0 = Release|Any CPU
	EndGlobalSection
	GlobalSection(SolutionProperties) = preSolution
		HideSolutionNode = FALSE
	EndGlobalSection
	GlobalSection(NestedProjects) = preSolution
		{7E0DC907-7D90-4702-A2D2-2FC0FB483A3F} = {E0DB4364-F8C6-4521-BD3B-5F668F18DA10}
		{A94199CD-0E66-4811-AF05-79DF0D077DB3} = {E0DB4364-F8C6-4521-BD3B-5F668F18DA10}
		{7BE6E5DC-842A-4259-9977-68681DA0ECD6} = {E0DB4364-F8C6-4521-BD3B-5F668F18DA10}
		{2A13A3AB-220F-4104-84D5-6AC3ACD7CE5A} = {A2E48034-B4F5-49C9-8DFF-1DAC3C3916D9}
		{4F79B32C-AD07-4A05-B0F9-2604B9D06E5E} = {A2E48034-B4F5-49C9-8DFF-1DAC3C3916D9}
		{B0554357-4E3C-4C9B-83DF-160268F837BC} = {A2E48034-B4F5-49C9-8DFF-1DAC3C3916D9}
		{6C7B61A8-C3BD-4D4E-A8AA-881125C30481} = {68D6F507-551B-43D9-845E-00E764A7F7D1}
		{61409F6F-D31B-43F6-8046-EC322A904AA9} = {68D6F507-551B-43D9-845E-00E764A7F7D1}
		{9272C175-A75B-4C07-BE33-FC520FEB0082} = {68D6F507-551B-43D9-845E-00E764A7F7D1}
		{976C42ED-99F8-4CAD-8BE2-29FCFBB3B0F0} = {68D6F507-551B-43D9-845E-00E764A7F7D1}
	EndGlobalSection
	GlobalSection(ExtensibilityGlobals) = postSolution
		SolutionGuid = {7DEC3BCC-CE38-4CA0-A5F9-E25E91F15979}
	EndGlobalSection
EndGlobal
